
Microsoft Visual Studio Solution File, Format Version 12.00
# Visual Studio Version 17
VisualStudioVersion = 17.1.32328.378
MinimumVisualStudioVersion = 10.0.40219.1
Project("{8BC9CEB8-8B4A-11D0-8D11-00A0C91BC942}") = "lab6", "lab6\lab6.vcxproj", "{48C7D60B-4D08-4691-BAF3-00A995E26F4E}"
EndProject
Project("{8BC9CEB8-8B4A-11D0-8D11-00A0C91BC942}") = "lab64", "lab64\lab64.vcxproj", "{776BF020-F016-4083-A456-453B612C0374}"
EndProject
Project("{8BC9CEB8-8B4A-11D0-8D11-00A0C91BC942}") = "lab66", "lab66\lab66.vcxproj", "{F5695D83-1010-4172-A5FC-7D857A98D3CA}"
EndProject
Project("{8BC9CEB8-8B4A-11D0-8D11-00A0C91BC942}") = "lab72", "lab72\lab72.vcxproj", "{0EF296B7-7AE8-44B8-8F36-FC63B25B1848}"
EndProject
Project("{8BC9CEB8-8B4A-11D0-8D11-00A0C91BC942}") = "lab74", "lab74\lab74.vcxproj", "{8A4DE4D6-FC47-4B21-B357-54299DDE2F7E}"
EndProject
Project("{8BC9CEB8-8B4A-11D0-8D11-00A0C91BC942}") = "lab76", "lab76\lab76.vcxproj", "{7CEDA02D-AD8C-470C-82F1-EBDB425BC3C6}"
EndProject
Project("{8BC9CEB8-8B4A-11D0-8D11-00A0C91BC942}") = "lab82", "lab82\lab82.vcxproj", "{47659EC9-E5AD-4F93-B920-C14A30A02BA3}"
EndProject
Project("{8BC9CEB8-8B4A-11D0-8D11-00A0C91BC942}") = "lab84", "lab84\lab84.vcxproj", "{2DD994A7-58EF-4236-818E-4D1F06C51533}"
EndProject
Project("{8BC9CEB8-8B4A-11D0-8D11-00A0C91BC942}") = "lab86", "lab86\lab86.vcxproj", "{44D88CF8-7A7B-4F96-A283-44C1C5544A59}"
EndProject
Global
	GlobalSection(SolutionConfigurationPlatforms) = preSolution
		Debug|x64 = Debug|x64
		Debug|x86 = Debug|x86
		Release|x64 = Release|x64
		Release|x86 = Release|x86
	EndGlobalSection
	GlobalSection(ProjectConfigurationPlatforms) = postSolution
		{48C7D60B-4D08-4691-BAF3-00A995E26F4E}.Debug|x64.ActiveCfg = Debug|x64
		{48C7D60B-4D08-4691-BAF3-00A995E26F4E}.Debug|x64.Build.0 = Debug|x64
		{48C7D60B-4D08-4691-BAF3-00A995E26F4E}.Debug|x86.ActiveCfg = Debug|Win32
		{48C7D60B-4D08-4691-BAF3-00A995E26F4E}.Debug|x86.Build.0 = Debug|Win32
		{48C7D60B-4D08-4691-BAF3-00A995E26F4E}.Release|x64.ActiveCfg = Release|x64
		{48C7D60B-4D08-4691-BAF3-00A995E26F4E}.Release|x64.Build.0 = Release|x64
		{48C7D60B-4D08-4691-BAF3-00A995E26F4E}.Release|x86.ActiveCfg = Release|Win32
		{48C7D60B-4D08-4691-BAF3-00A995E26F4E}.Release|x86.Build.0 = Release|Win32
		{776BF020-F016-4083-A456-453B612C0374}.Debug|x64.ActiveCfg = Debug|x64
		{776BF020-F016-4083-A456-453B612C0374}.Debug|x64.Build.0 = Debug|x64
		{776BF020-F016-4083-A456-453B612C0374}.Debug|x86.ActiveCfg = Debug|Win32
		{776BF020-F016-4083-A456-453B612C0374}.Debug|x86.Build.0 = Debug|Win32
		{776BF020-F016-4083-A456-453B612C0374}.Release|x64.ActiveCfg = Release|x64
		{776BF020-F016-4083-A456-453B612C0374}.Release|x64.Build.0 = Release|x64
		{776BF020-F016-4083-A456-453B612C0374}.Release|x86.ActiveCfg = Release|Win32
		{776BF020-F016-4083-A456-453B612C0374}.Release|x86.Build.0 = Release|Win32
		{F5695D83-1010-4172-A5FC-7D857A98D3CA}.Debug|x64.ActiveCfg = Debug|x64
		{F5695D83-1010-4172-A5FC-7D857A98D3CA}.Debug|x64.Build.0 = Debug|x64
		{F5695D83-1010-4172-A5FC-7D857A98D3CA}.Debug|x86.ActiveCfg = Debug|Win32
		{F5695D83-1010-4172-A5FC-7D857A98D3CA}.Debug|x86.Build.0 = Debug|Win32
		{F5695D83-1010-4172-A5FC-7D857A98D3CA}.Release|x64.ActiveCfg = Release|x64
		{F5695D83-1010-4172-A5FC-7D857A98D3CA}.Release|x64.Build.0 = Release|x64
		{F5695D83-1010-4172-A5FC-7D857A98D3CA}.Release|x86.ActiveCfg = Release|Win32
		{F5695D83-1010-4172-A5FC-7D857A98D3CA}.Release|x86.Build.0 = Release|Win32
		{0EF296B7-7AE8-44B8-8F36-FC63B25B1848}.Debug|x64.ActiveCfg = Debug|x64
		{0EF296B7-7AE8-44B8-8F36-FC63B25B1848}.Debug|x64.Build.0 = Debug|x64
		{0EF296B7-7AE8-44B8-8F36-FC63B25B1848}.Debug|x86.ActiveCfg = Debug|Win32
		{0EF296B7-7AE8-44B8-8F36-FC63B25B1848}.Debug|x86.Build.0 = Debug|Win32
		{0EF296B7-7AE8-44B8-8F36-FC63B25B1848}.Release|x64.ActiveCfg = Release|x64
		{0EF296B7-7AE8-44B8-8F36-FC63B25B1848}.Release|x64.Build.0 = Release|x64
		{0EF296B7-7AE8-44B8-8F36-FC63B25B1848}.Release|x86.ActiveCfg = Release|Win32
		{0EF296B7-7AE8-44B8-8F36-FC63B25B1848}.Release|x86.Build.0 = Release|Win32
		{8A4DE4D6-FC47-4B21-B357-54299DDE2F7E}.Debug|x64.ActiveCfg = Debug|x64
		{8A4DE4D6-FC47-4B21-B357-54299DDE2F7E}.Debug|x64.Build.0 = Debug|x64
		{8A4DE4D6-FC47-4B21-B357-54299DDE2F7E}.Debug|x86.ActiveCfg = Debug|Win32
		{8A4DE4D6-FC47-4B21-B357-54299DDE2F7E}.Debug|x86.Build.0 = Debug|Win32
		{8A4DE4D6-FC47-4B21-B357-54299DDE2F7E}.Release|x64.ActiveCfg = Release|x64
		{8A4DE4D6-FC47-4B21-B357-54299DDE2F7E}.Release|x64.Build.0 = Release|x64
		{8A4DE4D6-FC47-4B21-B357-54299DDE2F7E}.Release|x86.ActiveCfg = Release|Win32
		{8A4DE4D6-FC47-4B21-B357-54299DDE2F7E}.Release|x86.Build.0 = Release|Win32
		{7CEDA02D-AD8C-470C-82F1-EBDB425BC3C6}.Debug|x64.ActiveCfg = Debug|x64
		{7CEDA02D-AD8C-470C-82F1-EBDB425BC3C6}.Debug|x64.Build.0 = Debug|x64
		{7CEDA02D-AD8C-470C-82F1-EBDB425BC3C6}.Debug|x86.ActiveCfg = Debug|Win32
		{7CEDA02D-AD8C-470C-82F1-EBDB425BC3C6}.Debug|x86.Build.0 = Debug|Win32
		{7CEDA02D-AD8C-470C-82F1-EBDB425BC3C6}.Release|x64.ActiveCfg = Release|x64
		{7CEDA02D-AD8C-470C-82F1-EBDB425BC3C6}.Release|x64.Build.0 = Release|x64
		{7CEDA02D-AD8C-470C-82F1-EBDB425BC3C6}.Release|x86.ActiveCfg = Release|Win32
		{7CEDA02D-AD8C-470C-82F1-EBDB425BC3C6}.Release|x86.Build.0 = Release|Win32
		{47659EC9-E5AD-4F93-B920-C14A30A02BA3}.Debug|x64.ActiveCfg = Debug|x64
		{47659EC9-E5AD-4F93-B920-C14A30A02BA3}.Debug|x64.Build.0 = Debug|x64
		{47659EC9-E5AD-4F93-B920-C14A30A02BA3}.Debug|x86.ActiveCfg = Debug|Win32
		{47659EC9-E5AD-4F93-B920-C14A30A02BA3}.Debug|x86.Build.0 = Debug|Win32
		{47659EC9-E5AD-4F93-B920-C14A30A02BA3}.Release|x64.ActiveCfg = Release|x64
		{47659EC9-E5AD-4F93-B920-C14A30A02BA3}.Release|x64.Build.0 = Release|x64
		{47659EC9-E5AD-4F93-B920-C14A30A02BA3}.Release|x86.ActiveCfg = Release|Win32
		{47659EC9-E5AD-4F93-B920-C14A30A02BA3}.Release|x86.Build.0 = Release|Win32
		{2DD994A7-58EF-4236-818E-4D1F06C51533}.Debug|x64.ActiveCfg = Debug|x64
		{2DD994A7-58EF-4236-818E-4D1F06C51533}.Debug|x64.Build.0 = Debug|x64
		{2DD994A7-58EF-4236-818E-4D1F06C51533}.Debug|x86.ActiveCfg = Debug|Win32
		{2DD994A7-58EF-4236-818E-4D1F06C51533}.Debug|x86.Build.0 = Debug|Win32
		{2DD994A7-58EF-4236-818E-4D1F06C51533}.Release|x64.ActiveCfg = Release|x64
		{2DD994A7-58EF-4236-818E-4D1F06C51533}.Release|x64.Build.0 = Release|x64
		{2DD994A7-58EF-4236-818E-4D1F06C51533}.Release|x86.ActiveCfg = Release|Win32
		{2DD994A7-58EF-4236-818E-4D1F06C51533}.Release|x86.Build.0 = Release|Win32
		{44D88CF8-7A7B-4F96-A283-44C1C5544A59}.Debug|x64.ActiveCfg = Debug|x64
		{44D88CF8-7A7B-4F96-A283-44C1C5544A59}.Debug|x64.Build.0 = Debug|x64
		{44D88CF8-7A7B-4F96-A283-44C1C5544A59}.Debug|x86.ActiveCfg = Debug|Win32
		{44D88CF8-7A7B-4F96-A283-44C1C5544A59}.Debug|x86.Build.0 = Debug|Win32
		{44D88CF8-7A7B-4F96-A283-44C1C5544A59}.Release|x64.ActiveCfg = Release|x64
		{44D88CF8-7A7B-4F96-A283-44C1C5544A59}.Release|x64.Build.0 = Release|x64
		{44D88CF8-7A7B-4F96-A283-44C1C5544A59}.Release|x86.ActiveCfg = Release|Win32
		{44D88CF8-7A7B-4F96-A283-44C1C5544A59}.Release|x86.Build.0 = Release|Win32
	EndGlobalSection
	GlobalSection(SolutionProperties) = preSolution
		HideSolutionNode = FALSE
	EndGlobalSection
	GlobalSection(ExtensibilityGlobals) = postSolution
		SolutionGuid = {5FD42BD9-FA8E-46B7-A8EB-D0E4FCE307DB}
	EndGlobalSection
EndGlobal
